// !$*UTF8*$!
{
	archiveVersion = 1;
	classes = {};
	objectVersion = 60;
	objects = {

/* Begin PBXBuildFile section */
		100000000000000000000101 = {isa = PBXBuildFile; fileRef = 100000000000000000000201; };
		100000000000000000000102 = {isa = PBXBuildFile; fileRef = 100000000000000000000202; };
		100000000000000000000103 = {isa = PBXBuildFile; fileRef = 100000000000000000000203; };
		100000000000000000000104 = {isa = PBXBuildFile; fileRef = 100000000000000000000204; };
		100000000000000000000105 = {isa = PBXBuildFile; fileRef = 100000000000000000000205; };
		100000000000000000000106 = {isa = PBXBuildFile; fileRef = 100000000000000000000206; };
		100000000000000000000107 = {isa = PBXBuildFile; fileRef = 100000000000000000000207; };
		100000000000000000000108 = {isa = PBXBuildFile; fileRef = 100000000000000000000208; };
		100000000000000000000109 = {isa = PBXBuildFile; fileRef = 100000000000000000000209; };
		100000000000000000000110 = {isa = PBXBuildFile; fileRef = 100000000000000000000211; };
		100000000000000000000111 = {isa = PBXBuildFile; fileRef = 100000000000000000000212; };
/* End PBXBuildFile section */

/* Begin PBXFileReference section */
		100000000000000000000201 = {isa = PBXFileReference; lastKnownFileType = sourcecode.swift; path = RainGlassApp.swift; sourceTree = "<group>"; };
		100000000000000000000202 = {isa = PBXFileReference; lastKnownFileType = sourcecode.swift; path = AppSettings.swift; sourceTree = "<group>"; };
		100000000000000000000203 = {isa = PBXFileReference; lastKnownFileType = sourcecode.swift; path = ContentView.swift; sourceTree = "<group>"; };
		100000000000000000000204 = {isa = PBXFileReference; lastKnownFileType = sourcecode.swift; path = SettingsView.swift; sourceTree = "<group>"; };
		100000000000000000000205 = {isa = PBXFileReference; lastKnownFileType = sourcecode.swift; path = DeveloperOverlay.swift; sourceTree = "<group>"; };
		100000000000000000000206 = {isa = PBXFileReference; lastKnownFileType = sourcecode.swift; path = RenderDiagnostics.swift; sourceTree = "<group>"; };
		100000000000000000000207 = {isa = PBXFileReference; lastKnownFileType = sourcecode.swift; path = MetalView.swift; sourceTree = "<group>"; };
		100000000000000000000208 = {isa = PBXFileReference; lastKnownFileType = sourcecode.swift; path = MetalRenderer.swift; sourceTree = "<group>"; };
		100000000000000000000209 = {isa = PBXFileReference; lastKnownFileType = folder.assetcatalog; path = Assets.xcassets; sourceTree = "<group>"; };
		100000000000000000000210 = {isa = PBXFileReference; explicitFileType = wrapper.application; includeInIndex = 0; path = RainGlass.app; sourceTree = BUILT_PRODUCTS_DIR; };
		100000000000000000000211 = {isa = PBXFileReference; lastKnownFileType = sourcecode.swift; path = WallpaperController.swift; sourceTree = "<group>"; };
		100000000000000000000212 = {isa = PBXFileReference; lastKnownFileType = sourcecode.metal; path = WallpaperShaders.metal; sourceTree = "<group>"; };
/* End PBXFileReference section */

/* Begin PBXFrameworksBuildPhase section */
		100000000000000000000301 = {isa = PBXFrameworksBuildPhase; buildActionMask = 2147483647; files = (); runOnlyForDeploymentPostprocessing = 0; };
/* End PBXFrameworksBuildPhase section */

/* Begin PBXGroup section */
		100000000000000000000401 = {isa = PBXGroup; children = (100000000000000000000402, 100000000000000000000406); sourceTree = "<group>"; };
		100000000000000000000402 = {isa = PBXGroup; children = (100000000000000000000403, 100000000000000000000404, 100000000000000000000408, 100000000000000000000405, 100000000000000000000407); path = RainGlass; sourceTree = "<group>"; };
		100000000000000000000403 = {isa = PBXGroup; children = (100000000000000000000201, 100000000000000000000202); path = App; sourceTree = "<group>"; };
		100000000000000000000404 = {isa = PBXGroup; children = (100000000000000000000206, 100000000000000000000207, 100000000000000000000208, 100000000000000000000212); path = Renderer; sourceTree = "<group>"; };
		100000000000000000000405 = {isa = PBXGroup; children = (100000000000000000000203, 100000000000000000000204, 100000000000000000000205); path = UI; sourceTree = "<group>"; };
		100000000000000000000406 = {isa = PBXGroup; children = (100000000000000000000210); name = Products; sourceTree = "<group>"; };
		100000000000000000000407 = {isa = PBXGroup; children = (100000000000000000000209); path = Resources; sourceTree = "<group>"; };
		100000000000000000000408 = {isa = PBXGroup; children = (100000000000000000000211); path = Wallpaper; sourceTree = "<group>"; };
/* End PBXGroup section */

/* Begin PBXNativeTarget section */
		100000000000000000000501 = {isa = PBXNativeTarget; buildConfigurationList = 100000000000000000000702; buildPhases = (100000000000000000000302, 100000000000000000000301, 100000000000000000000303); buildRules = (); dependencies = (); name = RainGlass; productName = RainGlass; productReference = 100000000000000000000210; productType = "com.apple.product-type.application"; };
/* End PBXNativeTarget section */

/* Begin PBXProject section */
		100000000000000000000601 = {isa = PBXProject; attributes = {BuildIndependentTargetsInParallel = 1; LastUpgradeCheck = 2700; TargetAttributes = {100000000000000000000501 = {CreatedOnToolsVersion = 27.0; }; }; }; buildConfigurationList = 100000000000000000000701; compatibilityVersion = "Xcode 15.0"; developmentRegion = en; hasScannedForEncodings = 0; knownRegions = (en, Base); mainGroup = 100000000000000000000401; productRefGroup = 100000000000000000000406; projectDirPath = ""; projectRoot = ""; targets = (100000000000000000000501); };
/* End PBXProject section */

/* Begin PBXResourcesBuildPhase section */
		100000000000000000000303 = {isa = PBXResourcesBuildPhase; buildActionMask = 2147483647; files = (100000000000000000000109); runOnlyForDeploymentPostprocessing = 0; };
/* End PBXResourcesBuildPhase section */

/* Begin PBXSourcesBuildPhase section */
		100000000000000000000302 = {isa = PBXSourcesBuildPhase; buildActionMask = 2147483647; files = (100000000000000000000101, 100000000000000000000102, 100000000000000000000103, 100000000000000000000104, 100000000000000000000105, 100000000000000000000106, 100000000000000000000107, 100000000000000000000108, 100000000000000000000110, 100000000000000000000111); runOnlyForDeploymentPostprocessing = 0; };
/* End PBXSourcesBuildPhase section */

/* Begin XCBuildConfiguration section */
		100000000000000000000801 = {isa = XCBuildConfiguration; buildSettings = {ALWAYS_SEARCH_USER_PATHS = NO; CLANG_ENABLE_MODULES = YES; CODE_SIGNING_ALLOWED = NO; COPY_PHASE_STRIP = NO; DEBUG_INFORMATION_FORMAT = dwarf; ENABLE_TESTABILITY = YES; GCC_OPTIMIZATION_LEVEL = 0; MACOSX_DEPLOYMENT_TARGET = 15.0; ONLY_ACTIVE_ARCH = YES; SDKROOT = macosx; SWIFT_ACTIVE_COMPILATION_CONDITIONS = DEBUG; SWIFT_OPTIMIZATION_LEVEL = "-Onone"; }; name = Debug; };
		100000000000000000000802 = {isa = XCBuildConfiguration; buildSettings = {ALWAYS_SEARCH_USER_PATHS = NO; CLANG_ENABLE_MODULES = YES; CODE_SIGNING_ALLOWED = NO; COPY_PHASE_STRIP = NO; DEBUG_INFORMATION_FORMAT = "dwarf-with-dsym"; MACOSX_DEPLOYMENT_TARGET = 15.0; SDKROOT = macosx; SWIFT_COMPILATION_MODE = wholemodule; SWIFT_OPTIMIZATION_LEVEL = "-O"; }; name = Release; };
		100000000000000000000803 = {isa = XCBuildConfiguration; buildSettings = {ASSETCATALOG_COMPILER_GENERATE_SWIFT_ASSET_SYMBOL_EXTENSIONS = YES; CODE_SIGN_STYLE = Automatic; CURRENT_PROJECT_VERSION = 1; GENERATE_INFOPLIST_FILE = YES; INFOPLIST_KEY_CFBundleDisplayName = RainGlass; INFOPLIST_KEY_LSApplicationCategoryType = "public.app-category.entertainment"; MACOSX_DEPLOYMENT_TARGET = 15.0; MARKETING_VERSION = 0.1.0; PRODUCT_BUNDLE_IDENTIFIER = dev.rainglass.app; PRODUCT_NAME = "$(TARGET_NAME)"; SWIFT_STRICT_CONCURRENCY = complete; SWIFT_VERSION = 6.0; }; name = Debug; };
		100000000000000000000804 = {isa = XCBuildConfiguration; buildSettings = {ASSETCATALOG_COMPILER_GENERATE_SWIFT_ASSET_SYMBOL_EXTENSIONS = YES; CODE_SIGN_STYLE = Automatic; CURRENT_PROJECT_VERSION = 1; GENERATE_INFOPLIST_FILE = YES; INFOPLIST_KEY_CFBundleDisplayName = RainGlass; INFOPLIST_KEY_LSApplicationCategoryType = "public.app-category.entertainment"; MACOSX_DEPLOYMENT_TARGET = 15.0; MARKETING_VERSION = 0.1.0; PRODUCT_BUNDLE_IDENTIFIER = dev.rainglass.app; PRODUCT_NAME = "$(TARGET_NAME)"; SWIFT_STRICT_CONCURRENCY = complete; SWIFT_VERSION = 6.0; }; name = Release; };
/* End XCBuildConfiguration section */

/* Begin XCConfigurationList section */
		100000000000000000000701 = {isa = XCConfigurationList; buildConfigurations = (100000000000000000000801, 100000000000000000000802); defaultConfigurationIsVisible = 0; defaultConfigurationName = Release; };
		100000000000000000000702 = {isa = XCConfigurationList; buildConfigurations = (100000000000000000000803, 100000000000000000000804); defaultConfigurationIsVisible = 0; defaultConfigurationName = Release; };
/* End XCConfigurationList section */
	};
	rootObject = 100000000000000000000601;
}
